// !$*UTF8*$!
{
	archiveVersion = 1;
	classes = {
	};
	objectVersion = 56;
	objects = {

/* Begin PBXBuildFile section */
		EB2E91A72A06A45A00FA3ACE /* Transformers in Frameworks */ = {isa = PBXBuildFile; productRef = EB2E91A62A06A45A00FA3ACE /* Transformers */; };
		EB545ED82A0AC32A00C8A5BD /* StatusView.swift in Sources */ = {isa = PBXBuildFile; fileRef = EB545ED72A0AC32A00C8A5BD /* StatusView.swift */; };
		EB57105F2A05962F00BA569B /* Path in Frameworks */ = {isa = PBXBuildFile; productRef = EB57105E2A05962F00BA569B /* Path */; };
		EB90085D2A02C53100B321C4 /* ControlView.swift in Sources */ = {isa = PBXBuildFile; fileRef = EB90085C2A02C53100B321C4 /* ControlView.swift */; };
		EB9008602A02C5D500B321C4 /* CompactSlider in Frameworks */ = {isa = PBXBuildFile; productRef = EB90085F2A02C5D500B321C4 /* CompactSlider */; };
		EB9008692A0578C300B321C4 /* ModelLoader.swift in Sources */ = {isa = PBXBuildFile; fileRef = EB9008682A0578C300B321C4 /* ModelLoader.swift */; };
		EBE1152F2A02AECC000A0CF4 /* SwiftChatApp.swift in Sources */ = {isa = PBXBuildFile; fileRef = EBE1152E2A02AECC000A0CF4 /* SwiftChatApp.swift */; };
		EBE115312A02AECC000A0CF4 /* ContentView.swift in Sources */ = {isa = PBXBuildFile; fileRef = EBE115302A02AECC000A0CF4 /* ContentView.swift */; };
		EBE115332A02AECD000A0CF4 /* Assets.xcassets in Resources */ = {isa = PBXBuildFile; fileRef = EBE115322A02AECD000A0CF4 /* Assets.xcassets */; };
		EBE115372A02AECD000A0CF4 /* Preview Assets.xcassets in Resources */ = {isa = PBXBuildFile; fileRef = EBE115362A02AECD000A0CF4 /* Preview Assets.xcassets */; };
		EBE115412A02AECE000A0CF4 /* SwiftChatTests.swift in Sources */ = {isa = PBXBuildFile; fileRef = EBE115402A02AECE000A0CF4 /* SwiftChatTests.swift */; };
		EBE1154B2A02AECE000A0CF4 /* SwiftChatUITests.swift in Sources */ = {isa = PBXBuildFile; fileRef = EBE1154A2A02AECE000A0CF4 /* SwiftChatUITests.swift */; };
		EBE1154D2A02AECE000A0CF4 /* SwiftChatUITestsLaunchTests.swift in Sources */ = {isa = PBXBuildFile; fileRef = EBE1154C2A02AECE000A0CF4 /* SwiftChatUITestsLaunchTests.swift */; };
/* End PBXBuildFile section */

/* Begin PBXContainerItemProxy section */
		EBE1153D2A02AECE000A0CF4 /* PBXContainerItemProxy */ = {
			isa = PBXContainerItemProxy;
			containerPortal = EBE115232A02AECC000A0CF4 /* Project object */;
			proxyType = 1;
			remoteGlobalIDString = EBE1152A2A02AECC000A0CF4;
			remoteInfo = SwiftChat;
		};
		EBE115472A02AECE000A0CF4 /* PBXContainerItemProxy */ = {
			isa = PBXContainerItemProxy;
			containerPortal = EBE115232A02AECC000A0CF4 /* Project object */;
			proxyType = 1;
			remoteGlobalIDString = EBE1152A2A02AECC000A0CF4;
			remoteInfo = SwiftChat;
		};
/* End PBXContainerItemProxy section */

/* Begin PBXFileReference section */
		EB545ED72A0AC32A00C8A5BD /* StatusView.swift */ = {isa = PBXFileReference; fileEncoding = 4; lastKnownFileType = sourcecode.swift; path = StatusView.swift; sourceTree = "<group>"; };
		EB90085C2A02C53100B321C4 /* ControlView.swift */ = {isa = PBXFileReference; fileEncoding = 4; lastKnownFileType = sourcecode.swift; path = ControlView.swift; sourceTree = "<group>"; };
		EB9008682A0578C300B321C4 /* ModelLoader.swift */ = {isa = PBXFileReference; lastKnownFileType = sourcecode.swift; path = ModelLoader.swift; sourceTree = "<group>"; };
		EBE1152B2A02AECC000A0CF4 /* SwiftChat.app */ = {isa = PBXFileReference; explicitFileType = wrapper.application; includeInIndex = 0; path = SwiftChat.app; sourceTree = BUILT_PRODUCTS_DIR; };
		EBE1152E2A02AECC000A0CF4 /* SwiftChatApp.swift */ = {isa = PBXFileReference; lastKnownFileType = sourcecode.swift; path = SwiftChatApp.swift; sourceTree = "<group>"; };
		EBE115302A02AECC000A0CF4 /* ContentView.swift */ = {isa = PBXFileReference; lastKnownFileType = sourcecode.swift; path = ContentView.swift; sourceTree = "<group>"; };
		EBE115322A02AECD000A0CF4 /* Assets.xcassets */ = {isa = PBXFileReference; lastKnownFileType = folder.assetcatalog; path = Assets.xcassets; sourceTree = "<group>"; };
		EBE115342A02AECD000A0CF4 /* SwiftChat.entitlements */ = {isa = PBXFileReference; lastKnownFileType = text.plist.entitlements; path = SwiftChat.entitlements; sourceTree = "<group>"; };
		EBE115362A02AECD000A0CF4 /* Preview Assets.xcassets */ = {isa = PBXFileReference; lastKnownFileType = folder.assetcatalog; path = "Preview Assets.xcassets"; sourceTree = "<group>"; };
		EBE1153C2A02AECE000A0CF4 /* SwiftChatTests.xctest */ = {isa = PBXFileReference; explicitFileType = wrapper.cfbundle; includeInIndex = 0; path = SwiftChatTests.xctest; sourceTree = BUILT_PRODUCTS_DIR; };
		EBE115402A02AECE000A0CF4 /* SwiftChatTests.swift */ = {isa = PBXFileReference; lastKnownFileType = sourcecode.swift; path = SwiftChatTests.swift; sourceTree = "<group>"; };
		EBE115462A02AECE000A0CF4 /* SwiftChatUITests.xctest */ = {isa = PBXFileReference; explicitFileType = wrapper.cfbundle; includeInIndex = 0; path = SwiftChatUITests.xctest; sourceTree = BUILT_PRODUCTS_DIR; };
		EBE1154A2A02AECE000A0CF4 /* SwiftChatUITests.swift */ = {isa = PBXFileReference; lastKnownFileType = sourcecode.swift; path = SwiftChatUITests.swift; sourceTree = "<group>"; };
		EBE1154C2A02AECE000A0CF4 /* SwiftChatUITestsLaunchTests.swift */ = {isa = PBXFileReference; lastKnownFileType = sourcecode.swift; path = SwiftChatUITestsLaunchTests.swift; sourceTree = "<group>"; };
/* End PBXFileReference section */

/* Begin PBXFrameworksBuildPhase section */
		EBE115282A02AECC000A0CF4 /* Frameworks */ = {
			isa = PBXFrameworksBuildPhase;
			buildActionMask = 2147483647;
			files = (
				EB2E91A72A06A45A00FA3ACE /* Transformers in Frameworks */,
				EB9008602A02C5D500B321C4 /* CompactSlider in Frameworks */,
				EB57105F2A05962F00BA569B /* Path in Frameworks */,
			);
			runOnlyForDeploymentPostprocessing = 0;
		};
		EBE115392A02AECE000A0CF4 /* Frameworks */ = {
			isa = PBXFrameworksBuildPhase;
			buildActionMask = 2147483647;
			files = (
			);
			runOnlyForDeploymentPostprocessing = 0;
		};
		EBE115432A02AECE000A0CF4 /* Frameworks */ = {
			isa = PBXFrameworksBuildPhase;
			buildActionMask = 2147483647;
			files = (
			);
			runOnlyForDeploymentPostprocessing = 0;
		};
/* End PBXFrameworksBuildPhase section */

/* Begin PBXGroup section */
		EBE115222A02AECC000A0CF4 = {
			isa = PBXGroup;
			children = (
				EBE1152D2A02AECC000A0CF4 /* SwiftChat */,
				EBE1153F2A02AECE000A0CF4 /* SwiftChatTests */,
				EBE115492A02AECE000A0CF4 /* SwiftChatUITests */,
				EBE1152C2A02AECC000A0CF4 /* Products */,
			);
			sourceTree = "<group>";
		};
		EBE1152C2A02AECC000A0CF4 /* Products */ = {
			isa = PBXGroup;
			children = (
				EBE1152B2A02AECC000A0CF4 /* SwiftChat.app */,
				EBE1153C2A02AECE000A0CF4 /* SwiftChatTests.xctest */,
				EBE115462A02AECE000A0CF4 /* SwiftChatUITests.xctest */,
			);
			name = Products;
			sourceTree = "<group>";
		};
		EBE1152D2A02AECC000A0CF4 /* SwiftChat */ = {
			isa = PBXGroup;
			children = (
				EBE1152E2A02AECC000A0CF4 /* SwiftChatApp.swift */,
				EB90085C2A02C53100B321C4 /* ControlView.swift */,
				EBE115302A02AECC000A0CF4 /* ContentView.swift */,
				EB545ED72A0AC32A00C8A5BD /* StatusView.swift */,
				EBE115322A02AECD000A0CF4 /* Assets.xcassets */,
				EBE115342A02AECD000A0CF4 /* SwiftChat.entitlements */,
				EBE115352A02AECD000A0CF4 /* Preview Content */,
				EB9008682A0578C300B321C4 /* ModelLoader.swift */,
			);
			path = SwiftChat;
			sourceTree = "<group>";
		};
		EBE115352A02AECD000A0CF4 /* Preview Content */ = {
			isa = PBXGroup;
			children = (
				EBE115362A02AECD000A0CF4 /* Preview Assets.xcassets */,
			);
			path = "Preview Content";
			sourceTree = "<group>";
		};
		EBE1153F2A02AECE000A0CF4 /* SwiftChatTests */ = {
			isa = PBXGroup;
			children = (
				EBE115402A02AECE000A0CF4 /* SwiftChatTests.swift */,
			);
			path = SwiftChatTests;
			sourceTree = "<group>";
		};
		EBE115492A02AECE000A0CF4 /* SwiftChatUITests */ = {
			isa = PBXGroup;
			children = (
				EBE1154A2A02AECE000A0CF4 /* SwiftChatUITests.swift */,
				EBE1154C2A02AECE000A0CF4 /* SwiftChatUITestsLaunchTests.swift */,
			);
			path = SwiftChatUITests;
			sourceTree = "<group>";
		};
/* End PBXGroup section */

/* Begin PBXNativeTarget section */
		EBE1152A2A02AECC000A0CF4 /* SwiftChat */ = {
			isa = PBXNativeTarget;
			buildConfigurationList = EBE115502A02AECE000A0CF4 /* Build configuration list for PBXNativeTarget "SwiftChat" */;
			buildPhases = (
				EBE115272A02AECC000A0CF4 /* Sources */,
				EBE115282A02AECC000A0CF4 /* Frameworks */,
				EBE115292A02AECC000A0CF4 /* Resources */,
			);
			buildRules = (
			);
			dependencies = (
			);
			name = SwiftChat;
			packageProductDependencies = (
				EB90085F2A02C5D500B321C4 /* CompactSlider */,
				EB57105E2A05962F00BA569B /* Path */,
				EB2E91A62A06A45A00FA3ACE /* Transformers */,
			);
			productName = SwiftChat;
			productReference = EBE1152B2A02AECC000A0CF4 /* SwiftChat.app */;
			productType = "com.apple.product-type.application";
		};
		EBE1153B2A02AECE000A0CF4 /* SwiftChatTests */ = {
			isa = PBXNativeTarget;
			buildConfigurationList = EBE115532A02AECE000A0CF4 /* Build configuration list for PBXNativeTarget "SwiftChatTests" */;
			buildPhases = (
				EBE115382A02AECE000A0CF4 /* Sources */,
				EBE115392A02AECE000A0CF4 /* Frameworks */,
				EBE1153A2A02AECE000A0CF4 /* Resources */,
			);
			buildRules = (
			);
			dependencies = (
				EBE1153E2A02AECE000A0CF4 /* PBXTargetDependency */,
			);
			name = SwiftChatTests;
			productName = SwiftChatTests;
			productReference = EBE1153C2A02AECE000A0CF4 /* SwiftChatTests.xctest */;
			productType = "com.apple.product-type.bundle.unit-test";
		};
		EBE115452A02AECE000A0CF4 /* SwiftChatUITests */ = {
			isa = PBXNativeTarget;
			buildConfigurationList = EBE115562A02AECE000A0CF4 /* Build configuration list for PBXNativeTarget "SwiftChatUITests" */;
			buildPhases = (
				EBE115422A02AECE000A0CF4 /* Sources */,
				EBE115432A02AECE000A0CF4 /* Frameworks */,
				EBE115442A02AECE000A0CF4 /* Resources */,
			);
			buildRules = (
			);
			dependencies = (
				EBE115482A02AECE000A0CF4 /* PBXTargetDependency */,
			);
			name = SwiftChatUITests;
			productName = SwiftChatUITests;
			productReference = EBE115462A02AECE000A0CF4 /* SwiftChatUITests.xctest */;
			productType = "com.apple.product-type.bundle.ui-testing";
		};
/* End PBXNativeTarget section */

/* Begin PBXProject section */
		EBE115232A02AECC000A0CF4 /* Project object */ = {
			isa = PBXProject;
			attributes = {
				BuildIndependentTargetsInParallel = 1;
				LastSwiftUpdateCheck = 1430;
				LastUpgradeCheck = 1500;
				TargetAttributes = {
					EBE1152A2A02AECC000A0CF4 = {
						CreatedOnToolsVersion = 14.3;
					};
					EBE1153B2A02AECE000A0CF4 = {
						CreatedOnToolsVersion = 14.3;
						TestTargetID = EBE1152A2A02AECC000A0CF4;
					};
					EBE115452A02AECE000A0CF4 = {
						CreatedOnToolsVersion = 14.3;
						TestTargetID = EBE1152A2A02AECC000A0CF4;
					};
				};
			};
			buildConfigurationList = EBE115262A02AECC000A0CF4 /* Build configuration list for PBXProject "SwiftChat" */;
			compatibilityVersion = "Xcode 14.0";
			developmentRegion = en;
			hasScannedForEncodings = 0;
			knownRegions = (
				en,
				Base,
			);
			mainGroup = EBE115222A02AECC000A0CF4;
			packageReferences = (
				EB90085E2A02C5D500B321C4 /* XCRemoteSwiftPackageReference "CompactSlider" */,
				EB57105D2A05962F00BA569B /* XCRemoteSwiftPackageReference "Path.swift" */,
				EB2E91A52A06A45A00FA3ACE /* XCRemoteSwiftPackageReference "swift-transformers" */,
			);
			productRefGroup = EBE1152C2A02AECC000A0CF4 /* Products */;
			projectDirPath = "";
			projectRoot = "";
			targets = (
				EBE1152A2A02AECC000A0CF4 /* SwiftChat */,
				EBE1153B2A02AECE000A0CF4 /* SwiftChatTests */,
				EBE115452A02AECE000A0CF4 /* SwiftChatUITests */,
			);
		};
/* End PBXProject section */

/* Begin PBXResourcesBuildPhase section */
		EBE115292A02AECC000A0CF4 /* Resources */ = {
			isa = PBXResourcesBuildPhase;
			buildActionMask = 2147483647;
			files = (
				EBE115372A02AECD000A0CF4 /* Preview Assets.xcassets in Resources */,
				EBE115332A02AECD000A0CF4 /* Assets.xcassets in Resources */,
			);
			runOnlyForDeploymentPostprocessing = 0;
		};
		EBE1153A2A02AECE000A0CF4 /* Resources */ = {
			isa = PBXResourcesBuildPhase;
			buildActionMask = 2147483647;
			files = (
			);
			runOnlyForDeploymentPostprocessing = 0;
		};
		EBE115442A02AECE000A0CF4 /* Resources */ = {
			isa = PBXResourcesBuildPhase;
			buildActionMask = 2147483647;
			files = (
			);
			runOnlyForDeploymentPostprocessing = 0;
		};
/* End PBXResourcesBuildPhase section */

/* Begin PBXSourcesBuildPhase section */
		EBE115272A02AECC000A0CF4 /* Sources */ = {
			isa = PBXSourcesBuildPhase;
			buildActionMask = 2147483647;
			files = (
				EB9008692A0578C300B321C4 /* ModelLoader.swift in Sources */,
				EBE115312A02AECC000A0CF4 /* ContentView.swift in Sources */,
				EB90085D2A02C53100B321C4 /* ControlView.swift in Sources */,
				EBE1152F2A02AECC000A0CF4 /* SwiftChatApp.swift in Sources */,
				EB545ED82A0AC32A00C8A5BD /* StatusView.swift in Sources */,
			);
			runOnlyForDeploymentPostprocessing = 0;
		};
		EBE115382A02AECE000A0CF4 /* Sources */ = {
			isa = PBXSourcesBuildPhase;
			buildActionMask = 2147483647;
			files = (
				EBE115412A02AECE000A0CF4 /* SwiftChatTests.swift in Sources */,
			);
			runOnlyForDeploymentPostprocessing = 0;
		};
		EBE115422A02AECE000A0CF4 /* Sources */ = {
			isa = PBXSourcesBuildPhase;
			buildActionMask = 2147483647;
			files = (
				EBE1154D2A02AECE000A0CF4 /* SwiftChatUITestsLaunchTests.swift in Sources */,
				EBE1154B2A02AECE000A0CF4 /* SwiftChatUITests.swift in Sources */,
			);
			runOnlyForDeploymentPostprocessing = 0;
		};
/* End PBXSourcesBuildPhase section */

/* Begin PBXTargetDependency section */
		EBE1153E2A02AECE000A0CF4 /* PBXTargetDependency */ = {
			isa = PBXTargetDependency;
			target = EBE1152A2A02AECC000A0CF4 /* SwiftChat */;
			targetProxy = EBE1153D2A02AECE000A0CF4 /* PBXContainerItemProxy */;
		};
		EBE115482A02AECE000A0CF4 /* PBXTargetDependency */ = {
			isa = PBXTargetDependency;
			target = EBE1152A2A02AECC000A0CF4 /* SwiftChat */;
			targetProxy = EBE115472A02AECE000A0CF4 /* PBXContainerItemProxy */;
		};
/* End PBXTargetDependency section */

/* Begin XCBuildConfiguration section */
		EBE1154E2A02AECE000A0CF4 /* Debug */ = {
			isa = XCBuildConfiguration;
			buildSettings = {
				ALWAYS_SEARCH_USER_PATHS = NO;
				CLANG_ANALYZER_NONNULL = YES;
				CLANG_ANALYZER_NUMBER_OBJECT_CONVERSION = YES_AGGRESSIVE;
				CLANG_CXX_LANGUAGE_STANDARD = "gnu++20";
				CLANG_ENABLE_MODULES = YES;
				CLANG_ENABLE_OBJC_ARC = YES;
				CLANG_ENABLE_OBJC_WEAK = YES;
				CLANG_WARN_BLOCK_CAPTURE_AUTORELEASING = YES;
				CLANG_WARN_BOOL_CONVERSION = YES;
				CLANG_WARN_COMMA = YES;
				CLANG_WARN_CONSTANT_CONVERSION = YES;
				CLANG_WARN_DEPRECATED_OBJC_IMPLEMENTATIONS = YES;
				CLANG_WARN_DIRECT_OBJC_ISA_USAGE = YES_ERROR;
				CLANG_WARN_DOCUMENTATION_COMMENTS = YES;
				CLANG_WARN_EMPTY_BODY = YES;
				CLANG_WARN_ENUM_CONVERSION = YES;
				CLANG_WARN_INFINITE_RECURSION = YES;
				CLANG_WARN_INT_CONVERSION = YES;
				CLANG_WARN_NON_LITERAL_NULL_CONVERSION = YES;
				CLANG_WARN_OBJC_IMPLICIT_RETAIN_SELF = YES;
				CLANG_WARN_OBJC_LITERAL_CONVERSION = YES;
				CLANG_WARN_OBJC_ROOT_CLASS = YES_ERROR;
				CLANG_WARN_QUOTED_INCLUDE_IN_FRAMEWORK_HEADER = YES;
				CLANG_WARN_RANGE_LOOP_ANALYSIS = YES;
				CLANG_WARN_STRICT_PROTOTYPES = YES;
				CLANG_WARN_SUSPICIOUS_MOVE = YES;
				CLANG_WARN_UNGUARDED_AVAILABILITY = YES_AGGRESSIVE;
				CLANG_WARN_UNREACHABLE_CODE = YES;
				CLANG_WARN__DUPLICATE_METHOD_MATCH = YES;
				COPY_PHASE_STRIP = NO;
				DEAD_CODE_STRIPPING = YES;
				DEBUG_INFORMATION_FORMAT = dwarf;
				ENABLE_STRICT_OBJC_MSGSEND = YES;
				ENABLE_TESTABILITY = YES;
				ENABLE_USER_SCRIPT_SANDBOXING = YES;
				GCC_C_LANGUAGE_STANDARD = gnu11;
				GCC_DYNAMIC_NO_PIC = NO;
				GCC_NO_COMMON_BLOCKS = YES;
				GCC_OPTIMIZATION_LEVEL = 0;
				GCC_PREPROCESSOR_DEFINITIONS = (
					"DEBUG=1",
					"$(inherited)",
				);
				GCC_WARN_64_TO_32_BIT_CONVERSION = YES;
				GCC_WARN_ABOUT_RETURN_TYPE = YES_ERROR;
				GCC_WARN_UNDECLARED_SELECTOR = YES;
				GCC_WARN_UNINITIALIZED_AUTOS = YES_AGGRESSIVE;
				GCC_WARN_UNUSED_FUNCTION = YES;
				GCC_WARN_UNUSED_VARIABLE = YES;
				MTL_ENABLE_DEBUG_INFO = INCLUDE_SOURCE;
				MTL_FAST_MATH = YES;
				ONLY_ACTIVE_ARCH = YES;
				SWIFT_ACTIVE_COMPILATION_CONDITIONS = DEBUG;
				SWIFT_OPTIMIZATION_LEVEL = "-Onone";
			};
			name = Debug;
		};
		EBE1154F2A02AECE000A0CF4 /* Release */ = {
			isa = XCBuildConfiguration;
			buildSettings = {
				ALWAYS_SEARCH_USER_PATHS = NO;
				CLANG_ANALYZER_NONNULL = YES;
				CLANG_ANALYZER_NUMBER_OBJECT_CONVERSION = YES_AGGRESSIVE;
				CLANG_CXX_LANGUAGE_STANDARD = "gnu++20";
				CLANG_ENABLE_MODULES = YES;
				CLANG_ENABLE_OBJC_ARC = YES;
				CLANG_ENABLE_OBJC_WEAK = YES;
				CLANG_WARN_BLOCK_CAPTURE_AUTORELEASING = YES;
				CLANG_WARN_BOOL_CONVERSION = YES;
				CLANG_WARN_COMMA = YES;
				CLANG_WARN_CONSTANT_CONVERSION = YES;
				CLANG_WARN_DEPRECATED_OBJC_IMPLEMENTATIONS = YES;
				CLANG_WARN_DIRECT_OBJC_ISA_USAGE = YES_ERROR;
				CLANG_WARN_DOCUMENTATION_COMMENTS = YES;
				CLANG_WARN_EMPTY_BODY = YES;
				CLANG_WARN_ENUM_CONVERSION = YES;
				CLANG_WARN_INFINITE_RECURSION = YES;
				CLANG_WARN_INT_CONVERSION = YES;
				CLANG_WARN_NON_LITERAL_NULL_CONVERSION = YES;
				CLANG_WARN_OBJC_IMPLICIT_RETAIN_SELF = YES;
				CLANG_WARN_OBJC_LITERAL_CONVERSION = YES;
				CLANG_WARN_OBJC_ROOT_CLASS = YES_ERROR;
				CLANG_WARN_QUOTED_INCLUDE_IN_FRAMEWORK_HEADER = YES;
				CLANG_WARN_RANGE_LOOP_ANALYSIS = YES;
				CLANG_WARN_STRICT_PROTOTYPES = YES;
				CLANG_WARN_SUSPICIOUS_MOVE = YES;
				CLANG_WARN_UNGUARDED_AVAILABILITY = YES_AGGRESSIVE;
				CLANG_WARN_UNREACHABLE_CODE = YES;
				CLANG_WARN__DUPLICATE_METHOD_MATCH = YES;
				COPY_PHASE_STRIP = NO;
				DEAD_CODE_STRIPPING = YES;
				DEBUG_INFORMATION_FORMAT = "dwarf-with-dsym";
				ENABLE_NS_ASSERTIONS = NO;
				ENABLE_STRICT_OBJC_MSGSEND = YES;
				ENABLE_USER_SCRIPT_SANDBOXING = YES;
				GCC_C_LANGUAGE_STANDARD = gnu11;
				GCC_NO_COMMON_BLOCKS = YES;
				GCC_WARN_64_TO_32_BIT_CONVERSION = YES;
				GCC_WARN_ABOUT_RETURN_TYPE = YES_ERROR;
				GCC_WARN_UNDECLARED_SELECTOR = YES;
				GCC_WARN_UNINITIALIZED_AUTOS = YES_AGGRESSIVE;
				GCC_WARN_UNUSED_FUNCTION = YES;
				GCC_WARN_UNUSED_VARIABLE = YES;
				MTL_ENABLE_DEBUG_INFO = NO;
				MTL_FAST_MATH = YES;
				SWIFT_COMPILATION_MODE = wholemodule;
				SWIFT_OPTIMIZATION_LEVEL = "-O";
			};
			name = Release;
		};
		EBE115512A02AECE000A0CF4 /* Debug */ = {
			isa = XCBuildConfiguration;
			buildSettings = {
				ASSETCATALOG_COMPILER_APPICON_NAME = AppIcon;
				ASSETCATALOG_COMPILER_GLOBAL_ACCENT_COLOR_NAME = AccentColor;
				CODE_SIGN_ENTITLEMENTS = SwiftChat/SwiftChat.entitlements;
				CODE_SIGN_STYLE = Automatic;
				CURRENT_PROJECT_VERSION = 1;
				DEAD_CODE_STRIPPING = YES;
				DEVELOPMENT_ASSET_PATHS = "\"SwiftChat/Preview Content\"";
				DEVELOPMENT_TEAM = 2EADP68M95;
				ENABLE_HARDENED_RUNTIME = YES;
				ENABLE_PREVIEWS = YES;
				GENERATE_INFOPLIST_FILE = YES;
				"INFOPLIST_KEY_UIApplicationSceneManifest_Generation[sdk=iphoneos*]" = YES;
				"INFOPLIST_KEY_UIApplicationSceneManifest_Generation[sdk=iphonesimulator*]" = YES;
				"INFOPLIST_KEY_UIApplicationSupportsIndirectInputEvents[sdk=iphoneos*]" = YES;
				"INFOPLIST_KEY_UIApplicationSupportsIndirectInputEvents[sdk=iphonesimulator*]" = YES;
				"INFOPLIST_KEY_UILaunchScreen_Generation[sdk=iphoneos*]" = YES;
				"INFOPLIST_KEY_UILaunchScreen_Generation[sdk=iphonesimulator*]" = YES;
				"INFOPLIST_KEY_UIStatusBarStyle[sdk=iphoneos*]" = UIStatusBarStyleDefault;
				"INFOPLIST_KEY_UIStatusBarStyle[sdk=iphonesimulator*]" = UIStatusBarStyleDefault;
				INFOPLIST_KEY_UISupportedInterfaceOrientations_iPad = "UIInterfaceOrientationPortrait UIInterfaceOrientationPortraitUpsideDown UIInterfaceOrientationLandscapeLeft UIInterfaceOrientationLandscapeRight";
				INFOPLIST_KEY_UISupportedInterfaceOrientations_iPhone = "UIInterfaceOrientationPortrait UIInterfaceOrientationLandscapeLeft UIInterfaceOrientationLandscapeRight";
				IPHONEOS_DEPLOYMENT_TARGET = 18.0;
				LD_RUNPATH_SEARCH_PATHS = "@executable_path/Frameworks";
				"LD_RUNPATH_SEARCH_PATHS[sdk=macosx*]" = "@executable_path/../Frameworks";
				MACOSX_DEPLOYMENT_TARGET = 15.0;
				MARKETING_VERSION = 1.0;
				PRODUCT_BUNDLE_IDENTIFIER = com.huggingface.SwiftChat;
				PRODUCT_NAME = "$(TARGET_NAME)";
				SDKROOT = auto;
				SUPPORTED_PLATFORMS = "iphoneos iphonesimulator macosx";
				SWIFT_EMIT_LOC_STRINGS = YES;
				SWIFT_VERSION = 5.0;
				TARGETED_DEVICE_FAMILY = "1,2";
			};
			name = Debug;
		};
		EBE115522A02AECE000A0CF4 /* Release */ = {
			isa = XCBuildConfiguration;
			buildSettings = {
				ASSETCATALOG_COMPILER_APPICON_NAME = AppIcon;
				ASSETCATALOG_COMPILER_GLOBAL_ACCENT_COLOR_NAME = AccentColor;
				CODE_SIGN_ENTITLEMENTS = SwiftChat/SwiftChat.entitlements;
				CODE_SIGN_STYLE = Automatic;
				CURRENT_PROJECT_VERSION = 1;
				DEAD_CODE_STRIPPING = YES;
				DEVELOPMENT_ASSET_PATHS = "\"SwiftChat/Preview Content\"";
				DEVELOPMENT_TEAM = 2EADP68M95;
				ENABLE_HARDENED_RUNTIME = YES;
				ENABLE_PREVIEWS = YES;
				GENERATE_INFOPLIST_FILE = YES;
				"INFOPLIST_KEY_UIApplicationSceneManifest_Generation[sdk=iphoneos*]" = YES;
				"INFOPLIST_KEY_UIApplicationSceneManifest_Generation[sdk=iphonesimulator*]" = YES;
				"INFOPLIST_KEY_UIApplicationSupportsIndirectInputEvents[sdk=iphoneos*]" = YES;
				"INFOPLIST_KEY_UIApplicationSupportsIndirectInputEvents[sdk=iphonesimulator*]" = YES;
				"INFOPLIST_KEY_UILaunchScreen_Generation[sdk=iphoneos*]" = YES;
				"INFOPLIST_KEY_UILaunchScreen_Generation[sdk=iphonesimulator*]" = YES;
				"INFOPLIST_KEY_UIStatusBarStyle[sdk=iphoneos*]" = UIStatusBarStyleDefault;
				"INFOPLIST_KEY_UIStatusBarStyle[sdk=iphonesimulator*]" = UIStatusBarStyleDefault;
				INFOPLIST_KEY_UISupportedInterfaceOrientations_iPad = "UIInterfaceOrientationPortrait UIInterfaceOrientationPortraitUpsideDown UIInterfaceOrientationLandscapeLeft UIInterfaceOrientationLandscapeRight";
				INFOPLIST_KEY_UISupportedInterfaceOrientations_iPhone = "UIInterfaceOrientationPortrait UIInterfaceOrientationLandscapeLeft UIInterfaceOrientationLandscapeRight";
				IPHONEOS_DEPLOYMENT_TARGET = 18.0;
				LD_RUNPATH_SEARCH_PATHS = "@executable_path/Frameworks";
				"LD_RUNPATH_SEARCH_PATHS[sdk=macosx*]" = "@executable_path/../Frameworks";
				MACOSX_DEPLOYMENT_TARGET = 15.0;
				MARKETING_VERSION = 1.0;
				PRODUCT_BUNDLE_IDENTIFIER = com.huggingface.SwiftChat;
				PRODUCT_NAME = "$(TARGET_NAME)";
				SDKROOT = auto;
				SUPPORTED_PLATFORMS = "iphoneos iphonesimulator macosx";
				SWIFT_EMIT_LOC_STRINGS = YES;
				SWIFT_VERSION = 5.0;
				TARGETED_DEVICE_FAMILY = "1,2";
			};
			name = Release;
		};
		EBE115542A02AECE000A0CF4 /* Debug */ = {
			isa = XCBuildConfiguration;
			buildSettings = {
				ALWAYS_EMBED_SWIFT_STANDARD_LIBRARIES = YES;
				BUNDLE_LOADER = "$(TEST_HOST)";
				CODE_SIGN_STYLE = Automatic;
				CURRENT_PROJECT_VERSION = 1;
				DEAD_CODE_STRIPPING = YES;
				DEVELOPMENT_TEAM = ZWDJQ796RU;
				GENERATE_INFOPLIST_FILE = YES;
				IPHONEOS_DEPLOYMENT_TARGET = 16.4;
				MACOSX_DEPLOYMENT_TARGET = 13.3;
				MARKETING_VERSION = 1.0;
				PRODUCT_BUNDLE_IDENTIFIER = com.latenitesoft.SwiftChatTests;
				PRODUCT_NAME = "$(TARGET_NAME)";
				SDKROOT = auto;
				SUPPORTED_PLATFORMS = "iphoneos iphonesimulator macosx";
				SWIFT_EMIT_LOC_STRINGS = NO;
				SWIFT_VERSION = 5.0;
				TARGETED_DEVICE_FAMILY = "1,2";
				TEST_HOST = "$(BUILT_PRODUCTS_DIR)/SwiftChat.app/$(BUNDLE_EXECUTABLE_FOLDER_PATH)/SwiftChat";
			};
			name = Debug;
		};
		EBE115552A02AECE000A0CF4 /* Release */ = {
			isa = XCBuildConfiguration;
			buildSettings = {
				ALWAYS_EMBED_SWIFT_STANDARD_LIBRARIES = YES;
				BUNDLE_LOADER = "$(TEST_HOST)";
				CODE_SIGN_STYLE = Automatic;
				CURRENT_PROJECT_VERSION = 1;
				DEAD_CODE_STRIPPING = YES;
				DEVELOPMENT_TEAM = ZWDJQ796RU;
				GENERATE_INFOPLIST_FILE = YES;
				IPHONEOS_DEPLOYMENT_TARGET = 16.4;
				MACOSX_DEPLOYMENT_TARGET = 13.3;
				MARKETING_VERSION = 1.0;
				PRODUCT_BUNDLE_IDENTIFIER = com.latenitesoft.SwiftChatTests;
				PRODUCT_NAME = "$(TARGET_NAME)";
				SDKROOT = auto;
				SUPPORTED_PLATFORMS = "iphoneos iphonesimulator macosx";
				SWIFT_EMIT_LOC_STRINGS = NO;
				SWIFT_VERSION = 5.0;
				TARGETED_DEVICE_FAMILY = "1,2";
				TEST_HOST = "$(BUILT_PRODUCTS_DIR)/SwiftChat.app/$(BUNDLE_EXECUTABLE_FOLDER_PATH)/SwiftChat";
			};
			name = Release;
		};
		EBE115572A02AECE000A0CF4 /* Debug */ = {
			isa = XCBuildConfiguration;
			buildSettings = {
				ALWAYS_EMBED_SWIFT_STANDARD_LIBRARIES = YES;
				CODE_SIGN_STYLE = Automatic;
				CURRENT_PROJECT_VERSION = 1;
				DEAD_CODE_STRIPPING = YES;
				DEVELOPMENT_TEAM = ZWDJQ796RU;
				GENERATE_INFOPLIST_FILE = YES;
				IPHONEOS_DEPLOYMENT_TARGET = 16.4;
				MACOSX_DEPLOYMENT_TARGET = 13.3;
				MARKETING_VERSION = 1.0;
				PRODUCT_BUNDLE_IDENTIFIER = com.latenitesoft.SwiftChatUITests;
				PRODUCT_NAME = "$(TARGET_NAME)";
				SDKROOT = auto;
				SUPPORTED_PLATFORMS = "iphoneos iphonesimulator macosx";
				SWIFT_EMIT_LOC_STRINGS = NO;
				SWIFT_VERSION = 5.0;
				TARGETED_DEVICE_FAMILY = "1,2";
				TEST_TARGET_NAME = SwiftChat;
			};
			name = Debug;
		};
		EBE115582A02AECE000A0CF4 /* Release */ = {
			isa = XCBuildConfiguration;
			buildSettings = {
				ALWAYS_EMBED_SWIFT_STANDARD_LIBRARIES = YES;
				CODE_SIGN_STYLE = Automatic;
				CURRENT_PROJECT_VERSION = 1;
				DEAD_CODE_STRIPPING = YES;
				DEVELOPMENT_TEAM = ZWDJQ796RU;
				GENERATE_INFOPLIST_FILE = YES;
				IPHONEOS_DEPLOYMENT_TARGET = 16.4;
				MACOSX_DEPLOYMENT_TARGET = 13.3;
				MARKETING_VERSION = 1.0;
				PRODUCT_BUNDLE_IDENTIFIER = com.latenitesoft.SwiftChatUITests;
				PRODUCT_NAME = "$(TARGET_NAME)";
				SDKROOT = auto;
				SUPPORTED_PLATFORMS = "iphoneos iphonesimulator macosx";
				SWIFT_EMIT_LOC_STRINGS = NO;
				SWIFT_VERSION = 5.0;
				TARGETED_DEVICE_FAMILY = "1,2";
				TEST_TARGET_NAME = SwiftChat;
			};
			name = Release;
		};
/* End XCBuildConfiguration section */

/* Begin XCConfigurationList section */
		EBE115262A02AECC000A0CF4 /* Build configuration list for PBXProject "SwiftChat" */ = {
			isa = XCConfigurationList;
			buildConfigurations = (
				EBE1154E2A02AECE000A0CF4 /* Debug */,
				EBE1154F2A02AECE000A0CF4 /* Release */,
			);
			defaultConfigurationIsVisible = 0;
			defaultConfigurationName = Release;
		};
		EBE115502A02AECE000A0CF4 /* Build configuration list for PBXNativeTarget "SwiftChat" */ = {
			isa = XCConfigurationList;
			buildConfigurations = (
				EBE115512A02AECE000A0CF4 /* Debug */,
				EBE115522A02AECE000A0CF4 /* Release */,
			);
			defaultConfigurationIsVisible = 0;
			defaultConfigurationName = Release;
		};
		EBE115532A02AECE000A0CF4 /* Build configuration list for PBXNativeTarget "SwiftChatTests" */ = {
			isa = XCConfigurationList;
			buildConfigurations = (
				EBE115542A02AECE000A0CF4 /* Debug */,
				EBE115552A02AECE000A0CF4 /* Release */,
			);
			defaultConfigurationIsVisible = 0;
			defaultConfigurationName = Release;
		};
		EBE115562A02AECE000A0CF4 /* Build configuration list for PBXNativeTarget "SwiftChatUITests" */ = {
			isa = XCConfigurationList;
			buildConfigurations = (
				EBE115572A02AECE000A0CF4 /* Debug */,
				EBE115582A02AECE000A0CF4 /* Release */,
			);
			defaultConfigurationIsVisible = 0;
			defaultConfigurationName = Release;
		};
/* End XCConfigurationList section */

/* Begin XCRemoteSwiftPackageReference section */
		EB2E91A52A06A45A00FA3ACE /* XCRemoteSwiftPackageReference "swift-transformers" */ = {
			isa = XCRemoteSwiftPackageReference;
			repositoryURL = "https://github.com/huggingface/swift-transformers.git";
			requirement = {
				branch = preview;
				kind = branch;
			};
		};
		EB57105D2A05962F00BA569B /* XCRemoteSwiftPackageReference "Path.swift" */ = {
			isa = XCRemoteSwiftPackageReference;
			repositoryURL = "https://github.com/mxcl/Path.swift.git";
			requirement = {
				kind = upToNextMajorVersion;
				minimumVersion = 1.0.0;
			};
		};
		EB90085E2A02C5D500B321C4 /* XCRemoteSwiftPackageReference "CompactSlider" */ = {
			isa = XCRemoteSwiftPackageReference;
			repositoryURL = "https://github.com/buh/CompactSlider.git";
			requirement = {
				kind = upToNextMajorVersion;
				minimumVersion = 1.0.0;
			};
		};
/* End XCRemoteSwiftPackageReference section */

/* Begin XCSwiftPackageProductDependency section */
		EB2E91A62A06A45A00FA3ACE /* Transformers */ = {
			isa = XCSwiftPackageProductDependency;
			package = EB2E91A52A06A45A00FA3ACE /* XCRemoteSwiftPackageReference "swift-transformers" */;
			productName = Transformers;
		};
		EB57105E2A05962F00BA569B /* Path */ = {
			isa = XCSwiftPackageProductDependency;
			package = EB57105D2A05962F00BA569B /* XCRemoteSwiftPackageReference "Path.swift" */;
			productName = Path;
		};
		EB90085F2A02C5D500B321C4 /* CompactSlider */ = {
			isa = XCSwiftPackageProductDependency;
			package = EB90085E2A02C5D500B321C4 /* XCRemoteSwiftPackageReference "CompactSlider" */;
			productName = CompactSlider;
		};
/* End XCSwiftPackageProductDependency section */
	};
	rootObject = EBE115232A02AECC000A0CF4 /* Project object */;
}
